{
  "name": "smart-home-controllers",
  "version": "1.0.0",
  "lockfileVersion": 1,
  "requires": true,
  "dependencies": {
    "@types/node": {
      "version": "7.0.67",
      "resolved": "https://repo.dev.wixpress.com/artifactory/api/npm/npm-repos/@types/node/-/node-7.0.67.tgz",
      "integrity": "sha1-OurPQp4k4I4U12IQOdN7f1NULs8="
    },
    "axios": {
      "version": "0.18.0",
      "resolved": "https://repo.dev.wixpress.com/artifactory/api/npm/npm-repos/axios/-/axios-0.18.0.tgz",
      "integrity": "sha1-MtU+SFHv3AoRmTts0AB4nXDAUQI=",
      "requires": {
        "follow-redirects": "1.5.1",
        "is-buffer": "1.1.6"
      }
    },
    "broadlinkjs": {
      "version": "0.1.0",
      "resolved": "https://repo.dev.wixpress.com/artifactory/api/npm/npm-repos/broadlinkjs/-/broadlinkjs-0.1.0.tgz",
      "integrity": "sha1-S0FLJx6ia21WdSRgYaAbmLFup/I=",
      "requires": {
        "@types/node": "7.0.67"
      }
    },
    "debug": {
      "version": "3.1.0",
      "resolved": "https://repo.dev.wixpress.com/artifactory/api/npm/npm-repos/debug/-/debug-3.1.0.tgz",
      "integrity": "sha1-W7WgZyYotkFJVmuhaBnmFRjGcmE=",
      "requires": {
        "ms": "2.0.0"
      }
    },
    "follow-redirects": {
      "version": "1.5.1",
      "resolved": "https://repo.dev.wixpress.com/artifactory/api/npm/npm-repos/follow-redirects/-/follow-redirects-1.5.1.tgz",
      "integrity": "sha1-Z6jxT1ofZ/liwsRkaceersCpApE=",
      "requires": {
        "debug": "3.1.0"
      }
    },
    "is-buffer": {
      "version": "1.1.6",
      "resolved": "https://repo.dev.wixpress.com/artifactory/api/npm/npm-repos/is-buffer/-/is-buffer-1.1.6.tgz",
      "integrity": "sha1-76ouqdqg16suoTqXsritUf776L4="
    },
    "lodash": {
      "version": "4.17.10",
      "resolved": "https://repo.dev.wixpress.com/artifactory/api/npm/npm-repos/lodash/-/lodash-4.17.10.tgz",
      "integrity": "sha1-G3eTz3JZ6jj7NmHU04syYK+K5Oc="
    },
    "ms": {
      "version": "2.0.0",
      "resolved": "https://repo.dev.wixpress.com/artifactory/api/npm/npm-repos/ms/-/ms-2.0.0.tgz",
      "integrity": "sha1-VgiurfwAvmwpAd9fmGF4jeDVl8g="
    }
  }
}
